// !$*UTF8*$!
{
	archiveVersion = 1;
	classes = {
	};
	objectVersion = 46;
	objects = {

/* Begin PBXBuildFile section */
		32C2809C1B37BD7E00186A96 /* AppDelegate.swift in Sources */ = {isa = PBXBuildFile; fileRef = 32C2809B1B37BD7E00186A96 /* AppDelegate.swift */; };
		32C2809E1B37BD7E00186A96 /* ViewController.swift in Sources */ = {isa = PBXBuildFile; fileRef = 32C2809D1B37BD7E00186A96 /* ViewController.swift */; };
		32C280A31B37BD7E00186A96 /* Images.xcassets in Resources */ = {isa = PBXBuildFile; fileRef = 32C280A21B37BD7E00186A96 /* Images.xcassets */; };
		32C280B21B37BD7E00186A96 /* AlarmClockTests.swift in Sources */ = {isa = PBXBuildFile; fileRef = 32C280B11B37BD7E00186A96 /* AlarmClockTests.swift */; };
		32C280BC1B37C49700186A96 /* mainViewController.swift in Sources */ = {isa = PBXBuildFile; fileRef = 32C280BB1B37C49700186A96 /* mainViewController.swift */; };
		32C280BE1B37C4B100186A96 /* AlarmEditViewController.swift in Sources */ = {isa = PBXBuildFile; fileRef = 32C280BD1B37C4B100186A96 /* AlarmEditViewController.swift */; };
		32C280C21B387FCD00186A96 /* AlarmViewController.swift in Sources */ = {isa = PBXBuildFile; fileRef = 32C280C11B387FCD00186A96 /* AlarmViewController.swift */; };
		32F8CDAC1B3FC9C900A4EEBF /* AlarmWaitViewController.swift in Sources */ = {isa = PBXBuildFile; fileRef = 32F8CDAB1B3FC9C900A4EEBF /* AlarmWaitViewController.swift */; };
		32F8CDD01B40F92400A4EEBF /* 0.png in Resources */ = {isa = PBXBuildFile; fileRef = 32F8CDC51B40F92400A4EEBF /* 0.png */; };
		32F8CDD11B40F92400A4EEBF /* 1.png in Resources */ = {isa = PBXBuildFile; fileRef = 32F8CDC61B40F92400A4EEBF /* 1.png */; };
		32F8CDD21B40F92400A4EEBF /* 2.png in Resources */ = {isa = PBXBuildFile; fileRef = 32F8CDC71B40F92400A4EEBF /* 2.png */; };
		32F8CDD31B40F92400A4EEBF /* 3.png in Resources */ = {isa = PBXBuildFile; fileRef = 32F8CDC81B40F92400A4EEBF /* 3.png */; };
		32F8CDD41B40F92400A4EEBF /* 4.png in Resources */ = {isa = PBXBuildFile; fileRef = 32F8CDC91B40F92400A4EEBF /* 4.png */; };
		32F8CDD51B40F92400A4EEBF /* 5.png in Resources */ = {isa = PBXBuildFile; fileRef = 32F8CDCA1B40F92400A4EEBF /* 5.png */; };
		32F8CDD61B40F92400A4EEBF /* 6.png in Resources */ = {isa = PBXBuildFile; fileRef = 32F8CDCB1B40F92400A4EEBF /* 6.png */; };
		32F8CDD71B40F92400A4EEBF /* 7.png in Resources */ = {isa = PBXBuildFile; fileRef = 32F8CDCC1B40F92400A4EEBF /* 7.png */; };
		32F8CDD81B40F92400A4EEBF /* 8.png in Resources */ = {isa = PBXBuildFile; fileRef = 32F8CDCD1B40F92400A4EEBF /* 8.png */; };
		32F8CDD91B40F92400A4EEBF /* 9.png in Resources */ = {isa = PBXBuildFile; fileRef = 32F8CDCE1B40F92400A4EEBF /* 9.png */; };
		32F8CDDA1B40F92400A4EEBF /* colon.png in Resources */ = {isa = PBXBuildFile; fileRef = 32F8CDCF1B40F92400A4EEBF /* colon.png */; };
		32F8CDDC1B40FA3B00A4EEBF /* colon2.png in Resources */ = {isa = PBXBuildFile; fileRef = 32F8CDDB1B40FA3B00A4EEBF /* colon2.png */; };
		32F8CDE01B41009100A4EEBF /* 12.png in Resources */ = {isa = PBXBuildFile; fileRef = 32F8CDDF1B41009100A4EEBF /* 12.png */; };
		32F8CDE91B4101EF00A4EEBF /* 22.png in Resources */ = {isa = PBXBuildFile; fileRef = 32F8CDE11B4101EF00A4EEBF /* 22.png */; };
		32F8CDEA1B4101EF00A4EEBF /* 32.png in Resources */ = {isa = PBXBuildFile; fileRef = 32F8CDE21B4101EF00A4EEBF /* 32.png */; };
		32F8CDEB1B4101EF00A4EEBF /* 42.png in Resources */ = {isa = PBXBuildFile; fileRef = 32F8CDE31B4101EF00A4EEBF /* 42.png */; };
		32F8CDEC1B4101EF00A4EEBF /* 52.png in Resources */ = {isa = PBXBuildFile; fileRef = 32F8CDE41B4101EF00A4EEBF /* 52.png */; };
		32F8CDED1B4101EF00A4EEBF /* 62.png in Resources */ = {isa = PBXBuildFile; fileRef = 32F8CDE51B4101EF00A4EEBF /* 62.png */; };
		32F8CDEE1B4101EF00A4EEBF /* 72.png in Resources */ = {isa = PBXBuildFile; fileRef = 32F8CDE61B4101EF00A4EEBF /* 72.png */; };
		32F8CDEF1B4101EF00A4EEBF /* 82.png in Resources */ = {isa = PBXBuildFile; fileRef = 32F8CDE71B4101EF00A4EEBF /* 82.png */; };
		32F8CDF01B4101EF00A4EEBF /* 92.png in Resources */ = {isa = PBXBuildFile; fileRef = 32F8CDE81B4101EF00A4EEBF /* 92.png */; };
		32F8CDF21B41028500A4EEBF /* 02.png in Resources */ = {isa = PBXBuildFile; fileRef = 32F8CDF11B41028500A4EEBF /* 02.png */; };
		32F8CDF61B41238F00A4EEBF /* Entypo_263d(0)_128.png in Resources */ = {isa = PBXBuildFile; fileRef = 32F8CDF51B41238F00A4EEBF /* Entypo_263d(0)_128.png */; };
		32F8CDFC1B41248A00A4EEBF /* Entypo_2713(2)_128.png in Resources */ = {isa = PBXBuildFile; fileRef = 32F8CDF91B41248A00A4EEBF /* Entypo_2713(2)_128.png */; };
		32F8CDFD1B41248A00A4EEBF /* Entypo_e79a(0)_128.png in Resources */ = {isa = PBXBuildFile; fileRef = 32F8CDFA1B41248A00A4EEBF /* Entypo_e79a(0)_128.png */; };
		32F8CDFE1B41248A00A4EEBF /* Entypo_e712(1)_128.png in Resources */ = {isa = PBXBuildFile; fileRef = 32F8CDFB1B41248A00A4EEBF /* Entypo_e712(1)_128.png */; };
		32F8CE001B41294C00A4EEBF /* Entypo_266a(0)_128.png in Resources */ = {isa = PBXBuildFile; fileRef = 32F8CDFF1B41294C00A4EEBF /* Entypo_266a(0)_128.png */; };
		32F8CE0B1B41A34600A4EEBF /* Bike_Rides.mp3 in Resources */ = {isa = PBXBuildFile; fileRef = 32F8CE021B41A34600A4EEBF /* Bike_Rides.mp3 */; };
		32F8CE0C1B41A34600A4EEBF /* Blue_Skies.mp3 in Resources */ = {isa = PBXBuildFile; fileRef = 32F8CE031B41A34600A4EEBF /* Blue_Skies.mp3 */; };
		32F8CE0D1B41A34600A4EEBF /* How_it_Began.mp3 in Resources */ = {isa = PBXBuildFile; fileRef = 32F8CE041B41A34600A4EEBF /* How_it_Began.mp3 */; };
		32F8CE0E1B41A34600A4EEBF /* If_I_Had_a_Chicken.mp3 in Resources */ = {isa = PBXBuildFile; fileRef = 32F8CE051B41A34600A4EEBF /* If_I_Had_a_Chicken.mp3 */; };
		32F8CE0F1B41A34600A4EEBF /* Piano.mp3 in Resources */ = {isa = PBXBuildFile; fileRef = 32F8CE061B41A34600A4EEBF /* Piano.mp3 */; };
		32F8CE101B41A34600A4EEBF /* Side_Path.mp3 in Resources */ = {isa = PBXBuildFile; fileRef = 32F8CE071B41A34600A4EEBF /* Side_Path.mp3 */; };
		32F8CE111B41A34600A4EEBF /* Spring_In_My_Step.mp3 in Resources */ = {isa = PBXBuildFile; fileRef = 32F8CE081B41A34600A4EEBF /* Spring_In_My_Step.mp3 */; };
		32F8CE121B41A34600A4EEBF /* The_Drive.mp3 in Resources */ = {isa = PBXBuildFile; fileRef = 32F8CE091B41A34600A4EEBF /* The_Drive.mp3 */; };
		32F8CE131B41A34600A4EEBF /* なんでしょう.mp3 in Resources */ = {isa = PBXBuildFile; fileRef = 32F8CE0A1B41A34600A4EEBF /* なんでしょう.mp3 */; };
		32F8CE151B41E26B00A4EEBF /* MusicSettingViewController.swift in Sources */ = {isa = PBXBuildFile; fileRef = 32F8CE141B41E26B00A4EEBF /* MusicSettingViewController.swift */; };
/* End PBXBuildFile section */

/* Begin PBXContainerItemProxy section */
		32C280AC1B37BD7E00186A96 /* PBXContainerItemProxy */ = {
			isa = PBXContainerItemProxy;
			containerPortal = 32C2808E1B37BD7E00186A96 /* Project object */;
			proxyType = 1;
			remoteGlobalIDString = 32C280951B37BD7E00186A96;
			remoteInfo = AlarmClock;
		};
/* End PBXContainerItemProxy section */

/* Begin PBXFileReference section */
		32C280961B37BD7E00186A96 /* AlarmClock.app */ = {isa = PBXFileReference; explicitFileType = wrapper.application; includeInIndex = 0; path = AlarmClock.app; sourceTree = BUILT_PRODUCTS_DIR; };
		32C2809A1B37BD7E00186A96 /* Info.plist */ = {isa = PBXFileReference; lastKnownFileType = text.plist.xml; path = Info.plist; sourceTree = "<group>"; };
		32C2809B1B37BD7E00186A96 /* AppDelegate.swift */ = {isa = PBXFileReference; lastKnownFileType = sourcecode.swift; path = AppDelegate.swift; sourceTree = "<group>"; };
		32C2809D1B37BD7E00186A96 /* ViewController.swift */ = {isa = PBXFileReference; lastKnownFileType = sourcecode.swift; path = ViewController.swift; sourceTree = "<group>"; };
		32C280A21B37BD7E00186A96 /* Images.xcassets */ = {isa = PBXFileReference; lastKnownFileType = folder.assetcatalog; path = Images.xcassets; sourceTree = "<group>"; };
		32C280AB1B37BD7E00186A96 /* AlarmClockTests.xctest */ = {isa = PBXFileReference; explicitFileType = wrapper.cfbundle; includeInIndex = 0; path = AlarmClockTests.xctest; sourceTree = BUILT_PRODUCTS_DIR; };
		32C280B01B37BD7E00186A96 /* Info.plist */ = {isa = PBXFileReference; lastKnownFileType = text.plist.xml; path = Info.plist; sourceTree = "<group>"; };
		32C280B11B37BD7E00186A96 /* AlarmClockTests.swift */ = {isa = PBXFileReference; lastKnownFileType = sourcecode.swift; path = AlarmClockTests.swift; sourceTree = "<group>"; };
		32C280BB1B37C49700186A96 /* mainViewController.swift */ = {isa = PBXFileReference; fileEncoding = 4; lastKnownFileType = sourcecode.swift; path = mainViewController.swift; sourceTree = "<group>"; };
		32C280BD1B37C4B100186A96 /* AlarmEditViewController.swift */ = {isa = PBXFileReference; fileEncoding = 4; lastKnownFileType = sourcecode.swift; path = AlarmEditViewController.swift; sourceTree = "<group>"; usesTabs = 0; };
		32C280C11B387FCD00186A96 /* AlarmViewController.swift */ = {isa = PBXFileReference; fileEncoding = 4; lastKnownFileType = sourcecode.swift; path = AlarmViewController.swift; sourceTree = "<group>"; };
		32F8CDAB1B3FC9C900A4EEBF /* AlarmWaitViewController.swift */ = {isa = PBXFileReference; fileEncoding = 4; lastKnownFileType = sourcecode.swift; path = AlarmWaitViewController.swift; sourceTree = "<group>"; };
		32F8CDC51B40F92400A4EEBF /* 0.png */ = {isa = PBXFileReference; lastKnownFileType = image.png; path = 0.png; sourceTree = "<group>"; };
		32F8CDC61B40F92400A4EEBF /* 1.png */ = {isa = PBXFileReference; lastKnownFileType = image.png; path = 1.png; sourceTree = "<group>"; };
		32F8CDC71B40F92400A4EEBF /* 2.png */ = {isa = PBXFileReference; lastKnownFileType = image.png; path = 2.png; sourceTree = "<group>"; };
		32F8CDC81B40F92400A4EEBF /* 3.png */ = {isa = PBXFileReference; lastKnownFileType = image.png; path = 3.png; sourceTree = "<group>"; };
		32F8CDC91B40F92400A4EEBF /* 4.png */ = {isa = PBXFileReference; lastKnownFileType = image.png; path = 4.png; sourceTree = "<group>"; };
		32F8CDCA1B40F92400A4EEBF /* 5.png */ = {isa = PBXFileReference; lastKnownFileType = image.png; path = 5.png; sourceTree = "<group>"; };
		32F8CDCB1B40F92400A4EEBF /* 6.png */ = {isa = PBXFileReference; lastKnownFileType = image.png; path = 6.png; sourceTree = "<group>"; };
		32F8CDCC1B40F92400A4EEBF /* 7.png */ = {isa = PBXFileReference; lastKnownFileType = image.png; path = 7.png; sourceTree = "<group>"; };
		32F8CDCD1B40F92400A4EEBF /* 8.png */ = {isa = PBXFileReference; lastKnownFileType = image.png; path = 8.png; sourceTree = "<group>"; };
		32F8CDCE1B40F92400A4EEBF /* 9.png */ = {isa = PBXFileReference; lastKnownFileType = image.png; path = 9.png; sourceTree = "<group>"; };
		32F8CDCF1B40F92400A4EEBF /* colon.png */ = {isa = PBXFileReference; lastKnownFileType = image.png; path = colon.png; sourceTree = "<group>"; };
		32F8CDDB1B40FA3B00A4EEBF /* colon2.png */ = {isa = PBXFileReference; lastKnownFileType = image.png; name = colon2.png; path = ../colon2.png; sourceTree = "<group>"; };
		32F8CDDF1B41009100A4EEBF /* 12.png */ = {isa = PBXFileReference; lastKnownFileType = image.png; path = 12.png; sourceTree = "<group>"; };
		32F8CDE11B4101EF00A4EEBF /* 22.png */ = {isa = PBXFileReference; lastKnownFileType = image.png; path = 22.png; sourceTree = "<group>"; };
		32F8CDE21B4101EF00A4EEBF /* 32.png */ = {isa = PBXFileReference; lastKnownFileType = image.png; path = 32.png; sourceTree = "<group>"; };
		32F8CDE31B4101EF00A4EEBF /* 42.png */ = {isa = PBXFileReference; lastKnownFileType = image.png; path = 42.png; sourceTree = "<group>"; };
		32F8CDE41B4101EF00A4EEBF /* 52.png */ = {isa = PBXFileReference; lastKnownFileType = image.png; path = 52.png; sourceTree = "<group>"; };
		32F8CDE51B4101EF00A4EEBF /* 62.png */ = {isa = PBXFileReference; lastKnownFileType = image.png; path = 62.png; sourceTree = "<group>"; };
		32F8CDE61B4101EF00A4EEBF /* 72.png */ = {isa = PBXFileReference; lastKnownFileType = image.png; path = 72.png; sourceTree = "<group>"; };
		32F8CDE71B4101EF00A4EEBF /* 82.png */ = {isa = PBXFileReference; lastKnownFileType = image.png; path = 82.png; sourceTree = "<group>"; };
		32F8CDE81B4101EF00A4EEBF /* 92.png */ = {isa = PBXFileReference; lastKnownFileType = image.png; path = 92.png; sourceTree = "<group>"; };
		32F8CDF11B41028500A4EEBF /* 02.png */ = {isa = PBXFileReference; lastKnownFileType = image.png; path = 02.png; sourceTree = "<group>"; };
		32F8CDF51B41238F00A4EEBF /* Entypo_263d(0)_128.png */ = {isa = PBXFileReference; lastKnownFileType = image.png; path = "Entypo_263d(0)_128.png"; sourceTree = "<group>"; };
		32F8CDF91B41248A00A4EEBF /* Entypo_2713(2)_128.png */ = {isa = PBXFileReference; lastKnownFileType = image.png; path = "Entypo_2713(2)_128.png"; sourceTree = "<group>"; };
		32F8CDFA1B41248A00A4EEBF /* Entypo_e79a(0)_128.png */ = {isa = PBXFileReference; lastKnownFileType = image.png; path = "Entypo_e79a(0)_128.png"; sourceTree = "<group>"; };
		32F8CDFB1B41248A00A4EEBF /* Entypo_e712(1)_128.png */ = {isa = PBXFileReference; lastKnownFileType = image.png; path = "Entypo_e712(1)_128.png"; sourceTree = "<group>"; };
		32F8CDFF1B41294C00A4EEBF /* Entypo_266a(0)_128.png */ = {isa = PBXFileReference; lastKnownFileType = image.png; name = "Entypo_266a(0)_128.png"; path = "../Entypo_266a(0)_128.png"; sourceTree = "<group>"; };
		32F8CE021B41A34600A4EEBF /* Bike_Rides.mp3 */ = {isa = PBXFileReference; lastKnownFileType = audio.mp3; path = Bike_Rides.mp3; sourceTree = "<group>"; };
		32F8CE031B41A34600A4EEBF /* Blue_Skies.mp3 */ = {isa = PBXFileReference; lastKnownFileType = audio.mp3; path = Blue_Skies.mp3; sourceTree = "<group>"; };
		32F8CE041B41A34600A4EEBF /* How_it_Began.mp3 */ = {isa = PBXFileReference; lastKnownFileType = audio.mp3; path = How_it_Began.mp3; sourceTree = "<group>"; };
		32F8CE051B41A34600A4EEBF /* If_I_Had_a_Chicken.mp3 */ = {isa = PBXFileReference; lastKnownFileType = audio.mp3; path = If_I_Had_a_Chicken.mp3; sourceTree = "<group>"; };
		32F8CE061B41A34600A4EEBF /* Piano.mp3 */ = {isa = PBXFileReference; lastKnownFileType = audio.mp3; path = Piano.mp3; sourceTree = "<group>"; };
		32F8CE071B41A34600A4EEBF /* Side_Path.mp3 */ = {isa = PBXFileReference; lastKnownFileType = audio.mp3; path = Side_Path.mp3; sourceTree = "<group>"; };
		32F8CE081B41A34600A4EEBF /* Spring_In_My_Step.mp3 */ = {isa = PBXFileReference; lastKnownFileType = audio.mp3; path = Spring_In_My_Step.mp3; sourceTree = "<group>"; };
		32F8CE091B41A34600A4EEBF /* The_Drive.mp3 */ = {isa = PBXFileReference; lastKnownFileType = audio.mp3; path = The_Drive.mp3; sourceTree = "<group>"; };
		32F8CE0A1B41A34600A4EEBF /* なんでしょう.mp3 */ = {isa = PBXFileReference; lastKnownFileType = audio.mp3; path = "なんでしょう.mp3"; sourceTree = "<group>"; };
		32F8CE141B41E26B00A4EEBF /* MusicSettingViewController.swift */ = {isa = PBXFileReference; fileEncoding = 4; lastKnownFileType = sourcecode.swift; path = MusicSettingViewController.swift; sourceTree = "<group>"; };
/* End PBXFileReference section */

/* Begin PBXFrameworksBuildPhase section */
		32C280931B37BD7E00186A96 /* Frameworks */ = {
			isa = PBXFrameworksBuildPhase;
			buildActionMask = 2147483647;
			files = (
			);
			runOnlyForDeploymentPostprocessing = 0;
		};
		32C280A81B37BD7E00186A96 /* Frameworks */ = {
			isa = PBXFrameworksBuildPhase;
			buildActionMask = 2147483647;
			files = (
			);
			runOnlyForDeploymentPostprocessing = 0;
		};
/* End PBXFrameworksBuildPhase section */

/* Begin PBXGroup section */
		32C2808D1B37BD7E00186A96 = {
			isa = PBXGroup;
			children = (
				32C280981B37BD7E00186A96 /* AlarmClock */,
				32C280AE1B37BD7E00186A96 /* AlarmClockTests */,
				32C280971B37BD7E00186A96 /* Products */,
			);
			sourceTree = "<group>";
		};
		32C280971B37BD7E00186A96 /* Products */ = {
			isa = PBXGroup;
			children = (
				32C280961B37BD7E00186A96 /* AlarmClock.app */,
				32C280AB1B37BD7E00186A96 /* AlarmClockTests.xctest */,
			);
			name = Products;
			sourceTree = "<group>";
		};
		32C280981B37BD7E00186A96 /* AlarmClock */ = {
			isa = PBXGroup;
			children = (
				32F8CE011B41A34600A4EEBF /* BGM */,
				32F8CDC41B40F92400A4EEBF /* Image-time */,
				32C2809B1B37BD7E00186A96 /* AppDelegate.swift */,
				32C280BB1B37C49700186A96 /* mainViewController.swift */,
				32C280BD1B37C4B100186A96 /* AlarmEditViewController.swift */,
				32F8CDAB1B3FC9C900A4EEBF /* AlarmWaitViewController.swift */,
				32C280C11B387FCD00186A96 /* AlarmViewController.swift */,
				32F8CE141B41E26B00A4EEBF /* MusicSettingViewController.swift */,
				32C2809D1B37BD7E00186A96 /* ViewController.swift */,
				32C280A21B37BD7E00186A96 /* Images.xcassets */,
				32C280991B37BD7E00186A96 /* Supporting Files */,
			);
			path = AlarmClock;
			sourceTree = "<group>";
		};
		32C280991B37BD7E00186A96 /* Supporting Files */ = {
			isa = PBXGroup;
			children = (
				32C2809A1B37BD7E00186A96 /* Info.plist */,
			);
			name = "Supporting Files";
			sourceTree = "<group>";
		};
		32C280AE1B37BD7E00186A96 /* AlarmClockTests */ = {
			isa = PBXGroup;
			children = (
				32C280B11B37BD7E00186A96 /* AlarmClockTests.swift */,
				32C280AF1B37BD7E00186A96 /* Supporting Files */,
			);
			path = AlarmClockTests;
			sourceTree = "<group>";
		};
		32C280AF1B37BD7E00186A96 /* Supporting Files */ = {
			isa = PBXGroup;
			children = (
				32C280B01B37BD7E00186A96 /* Info.plist */,
			);
			name = "Supporting Files";
			sourceTree = "<group>";
		};
		32F8CDC41B40F92400A4EEBF /* Image-time */ = {
			isa = PBXGroup;
			children = (
				32F8CDC51B40F92400A4EEBF /* 0.png */,
				32F8CDC61B40F92400A4EEBF /* 1.png */,
				32F8CDC71B40F92400A4EEBF /* 2.png */,
				32F8CDC81B40F92400A4EEBF /* 3.png */,
				32F8CDC91B40F92400A4EEBF /* 4.png */,
				32F8CDCA1B40F92400A4EEBF /* 5.png */,
				32F8CDCB1B40F92400A4EEBF /* 6.png */,
				32F8CDCC1B40F92400A4EEBF /* 7.png */,
				32F8CDCD1B40F92400A4EEBF /* 8.png */,
				32F8CDCE1B40F92400A4EEBF /* 9.png */,
				32F8CDF11B41028500A4EEBF /* 02.png */,
				32F8CDDF1B41009100A4EEBF /* 12.png */,
				32F8CDE11B4101EF00A4EEBF /* 22.png */,
				32F8CDE21B4101EF00A4EEBF /* 32.png */,
				32F8CDE31B4101EF00A4EEBF /* 42.png */,
				32F8CDE41B4101EF00A4EEBF /* 52.png */,
				32F8CDE51B4101EF00A4EEBF /* 62.png */,
				32F8CDE61B4101EF00A4EEBF /* 72.png */,
				32F8CDE71B4101EF00A4EEBF /* 82.png */,
				32F8CDE81B4101EF00A4EEBF /* 92.png */,
				32F8CDCF1B40F92400A4EEBF /* colon.png */,
				32F8CDDB1B40FA3B00A4EEBF /* colon2.png */,
				32F8CDFF1B41294C00A4EEBF /* Entypo_266a(0)_128.png */,
				32F8CDF91B41248A00A4EEBF /* Entypo_2713(2)_128.png */,
				32F8CDFA1B41248A00A4EEBF /* Entypo_e79a(0)_128.png */,
				32F8CDFB1B41248A00A4EEBF /* Entypo_e712(1)_128.png */,
				32F8CDF51B41238F00A4EEBF /* Entypo_263d(0)_128.png */,
			);
			path = "Image-time";
			sourceTree = "<group>";
		};
		32F8CE011B41A34600A4EEBF /* BGM */ = {
			isa = PBXGroup;
			children = (
				32F8CE021B41A34600A4EEBF /* Bike_Rides.mp3 */,
				32F8CE031B41A34600A4EEBF /* Blue_Skies.mp3 */,
				32F8CE041B41A34600A4EEBF /* How_it_Began.mp3 */,
				32F8CE051B41A34600A4EEBF /* If_I_Had_a_Chicken.mp3 */,
				32F8CE061B41A34600A4EEBF /* Piano.mp3 */,
				32F8CE071B41A34600A4EEBF /* Side_Path.mp3 */,
				32F8CE081B41A34600A4EEBF /* Spring_In_My_Step.mp3 */,
				32F8CE091B41A34600A4EEBF /* The_Drive.mp3 */,
				32F8CE0A1B41A34600A4EEBF /* なんでしょう.mp3 */,
			);
			name = BGM;
			path = "Image-time/BGM";
			sourceTree = "<group>";
		};
/* End PBXGroup section */

/* Begin PBXNativeTarget section */
		32C280951B37BD7E00186A96 /* AlarmClock */ = {
			isa = PBXNativeTarget;
			buildConfigurationList = 32C280B51B37BD7E00186A96 /* Build configuration list for PBXNativeTarget "AlarmClock" */;
			buildPhases = (
				32C280921B37BD7E00186A96 /* Sources */,
				32C280931B37BD7E00186A96 /* Frameworks */,
				32C280941B37BD7E00186A96 /* Resources */,
			);
			buildRules = (
			);
			dependencies = (
			);
			name = AlarmClock;
			productName = AlarmClock;
			productReference = 32C280961B37BD7E00186A96 /* AlarmClock.app */;
			productType = "com.apple.product-type.application";
		};
		32C280AA1B37BD7E00186A96 /* AlarmClockTests */ = {
			isa = PBXNativeTarget;
			buildConfigurationList = 32C280B81B37BD7E00186A96 /* Build configuration list for PBXNativeTarget "AlarmClockTests" */;
			buildPhases = (
				32C280A71B37BD7E00186A96 /* Sources */,
				32C280A81B37BD7E00186A96 /* Frameworks */,
				32C280A91B37BD7E00186A96 /* Resources */,
			);
			buildRules = (
			);
			dependencies = (
				32C280AD1B37BD7E00186A96 /* PBXTargetDependency */,
			);
			name = AlarmClockTests;
			productName = AlarmClockTests;
			productReference = 32C280AB1B37BD7E00186A96 /* AlarmClockTests.xctest */;
			productType = "com.apple.product-type.bundle.unit-test";
		};
/* End PBXNativeTarget section */

/* Begin PBXProject section */
		32C2808E1B37BD7E00186A96 /* Project object */ = {
			isa = PBXProject;
			attributes = {
				LastUpgradeCheck = 0630;
				ORGANIZATIONNAME = "Fumiya Yamanaka";
				TargetAttributes = {
					32C280951B37BD7E00186A96 = {
						CreatedOnToolsVersion = 6.3.2;
					};
					32C280AA1B37BD7E00186A96 = {
						CreatedOnToolsVersion = 6.3.2;
						TestTargetID = 32C280951B37BD7E00186A96;
					};
				};
			};
			buildConfigurationList = 32C280911B37BD7E00186A96 /* Build configuration list for PBXProject "AlarmClock" */;
			compatibilityVersion = "Xcode 3.2";
			developmentRegion = English;
			hasScannedForEncodings = 0;
			knownRegions = (
				en,
				Base,
			);
			mainGroup = 32C2808D1B37BD7E00186A96;
			productRefGroup = 32C280971B37BD7E00186A96 /* Products */;
			projectDirPath = "";
			projectRoot = "";
			targets = (
				32C280951B37BD7E00186A96 /* AlarmClock */,
				32C280AA1B37BD7E00186A96 /* AlarmClockTests */,
			);
		};
/* End PBXProject section */

/* Begin PBXResourcesBuildPhase section */
		32C280941B37BD7E00186A96 /* Resources */ = {
			isa = PBXResourcesBuildPhase;
			buildActionMask = 2147483647;
			files = (
				32F8CDF61B41238F00A4EEBF /* Entypo_263d(0)_128.png in Resources */,
				32F8CDF21B41028500A4EEBF /* 02.png in Resources */,
				32F8CDEC1B4101EF00A4EEBF /* 52.png in Resources */,
				32F8CE131B41A34600A4EEBF /* なんでしょう.mp3 in Resources */,
				32F8CDD81B40F92400A4EEBF /* 8.png in Resources */,
				32F8CE101B41A34600A4EEBF /* Side_Path.mp3 in Resources */,
				32F8CDFD1B41248A00A4EEBF /* Entypo_e79a(0)_128.png in Resources */,
				32F8CDEE1B4101EF00A4EEBF /* 72.png in Resources */,
				32F8CDD71B40F92400A4EEBF /* 7.png in Resources */,
				32F8CDEA1B4101EF00A4EEBF /* 32.png in Resources */,
				32F8CDEF1B4101EF00A4EEBF /* 82.png in Resources */,
				32F8CDD21B40F92400A4EEBF /* 2.png in Resources */,
				32F8CDD01B40F92400A4EEBF /* 0.png in Resources */,
				32F8CE0E1B41A34600A4EEBF /* If_I_Had_a_Chicken.mp3 in Resources */,
				32F8CE121B41A34600A4EEBF /* The_Drive.mp3 in Resources */,
				32F8CDD91B40F92400A4EEBF /* 9.png in Resources */,
				32F8CDDA1B40F92400A4EEBF /* colon.png in Resources */,
				32F8CE001B41294C00A4EEBF /* Entypo_266a(0)_128.png in Resources */,
				32C280A31B37BD7E00186A96 /* Images.xcassets in Resources */,
				32F8CDD61B40F92400A4EEBF /* 6.png in Resources */,
				32F8CDED1B4101EF00A4EEBF /* 62.png in Resources */,
				32F8CE0F1B41A34600A4EEBF /* Piano.mp3 in Resources */,
				32F8CE0B1B41A34600A4EEBF /* Bike_Rides.mp3 in Resources */,
				32F8CE0C1B41A34600A4EEBF /* Blue_Skies.mp3 in Resources */,
				32F8CDD41B40F92400A4EEBF /* 4.png in Resources */,
				32F8CDE01B41009100A4EEBF /* 12.png in Resources */,
				32F8CDFE1B41248A00A4EEBF /* Entypo_e712(1)_128.png in Resources */,
				32F8CDDC1B40FA3B00A4EEBF /* colon2.png in Resources */,
				32F8CE0D1B41A34600A4EEBF /* How_it_Began.mp3 in Resources */,
				32F8CE111B41A34600A4EEBF /* Spring_In_My_Step.mp3 in Resources */,
				32F8CDEB1B4101EF00A4EEBF /* 42.png in Resources */,
				32F8CDD51B40F92400A4EEBF /* 5.png in Resources */,
				32F8CDFC1B41248A00A4EEBF /* Entypo_2713(2)_128.png in Resources */,
				32F8CDF01B4101EF00A4EEBF /* 92.png in Resources */,
				32F8CDD31B40F92400A4EEBF /* 3.png in Resources */,
				32F8CDD11B40F92400A4EEBF /* 1.png in Resources */,
				32F8CDE91B4101EF00A4EEBF /* 22.png in Resources */,
			);
			runOnlyForDeploymentPostprocessing = 0;
		};
		32C280A91B37BD7E00186A96 /* Resources */ = {
			isa = PBXResourcesBuildPhase;
			buildActionMask = 2147483647;
			files = (
			);
			runOnlyForDeploymentPostprocessing = 0;
		};
/* End PBXResourcesBuildPhase section */

/* Begin PBXSourcesBuildPhase section */
		32C280921B37BD7E00186A96 /* Sources */ = {
			isa = PBXSourcesBuildPhase;
			buildActionMask = 2147483647;
			files = (
				32C2809E1B37BD7E00186A96 /* ViewController.swift in Sources */,
				32F8CE151B41E26B00A4EEBF /* MusicSettingViewController.swift in Sources */,
				32C280C21B387FCD00186A96 /* AlarmViewController.swift in Sources */,
				32C2809C1B37BD7E00186A96 /* AppDelegate.swift in Sources */,
				32C280BE1B37C4B100186A96 /* AlarmEditViewController.swift in Sources */,
				32C280BC1B37C49700186A96 /* mainViewController.swift in Sources */,
				32F8CDAC1B3FC9C900A4EEBF /* AlarmWaitViewController.swift in Sources */,
			);
			runOnlyForDeploymentPostprocessing = 0;
		};
		32C280A71B37BD7E00186A96 /* Sources */ = {
			isa = PBXSourcesBuildPhase;
			buildActionMask = 2147483647;
			files = (
				32C280B21B37BD7E00186A96 /* AlarmClockTests.swift in Sources */,
			);
			runOnlyForDeploymentPostprocessing = 0;
		};
/* End PBXSourcesBuildPhase section */

/* Begin PBXTargetDependency section */
		32C280AD1B37BD7E00186A96 /* PBXTargetDependency */ = {
			isa = PBXTargetDependency;
			target = 32C280951B37BD7E00186A96 /* AlarmClock */;
			targetProxy = 32C280AC1B37BD7E00186A96 /* PBXContainerItemProxy */;
		};
/* End PBXTargetDependency section */

/* Begin XCBuildConfiguration section */
		32C280B31B37BD7E00186A96 /* Debug */ = {
			isa = XCBuildConfiguration;
			buildSettings = {
				ALWAYS_SEARCH_USER_PATHS = NO;
				CLANG_CXX_LANGUAGE_STANDARD = "gnu++0x";
				CLANG_CXX_LIBRARY = "libc++";
				CLANG_ENABLE_MODULES = YES;
				CLANG_ENABLE_OBJC_ARC = YES;
				CLANG_WARN_BOOL_CONVERSION = YES;
				CLANG_WARN_CONSTANT_CONVERSION = YES;
				CLANG_WARN_DIRECT_OBJC_ISA_USAGE = YES_ERROR;
				CLANG_WARN_EMPTY_BODY = YES;
				CLANG_WARN_ENUM_CONVERSION = YES;
				CLANG_WARN_INT_CONVERSION = YES;
				CLANG_WARN_OBJC_ROOT_CLASS = YES_ERROR;
				CLANG_WARN_UNREACHABLE_CODE = YES;
				CLANG_WARN__DUPLICATE_METHOD_MATCH = YES;
				"CODE_SIGN_IDENTITY[sdk=iphoneos*]" = "iPhone Developer";
				COPY_PHASE_STRIP = NO;
				DEBUG_INFORMATION_FORMAT = "dwarf-with-dsym";
				ENABLE_STRICT_OBJC_MSGSEND = YES;
				GCC_C_LANGUAGE_STANDARD = gnu99;
				GCC_DYNAMIC_NO_PIC = NO;
				GCC_NO_COMMON_BLOCKS = YES;
				GCC_OPTIMIZATION_LEVEL = 0;
				GCC_PREPROCESSOR_DEFINITIONS = (
					"DEBUG=1",
					"$(inherited)",
				);
				GCC_SYMBOLS_PRIVATE_EXTERN = NO;
				GCC_WARN_64_TO_32_BIT_CONVERSION = YES;
				GCC_WARN_ABOUT_RETURN_TYPE = YES_ERROR;
				GCC_WARN_UNDECLARED_SELECTOR = YES;
				GCC_WARN_UNINITIALIZED_AUTOS = YES_AGGRESSIVE;
				GCC_WARN_UNUSED_FUNCTION = YES;
				GCC_WARN_UNUSED_VARIABLE = YES;
				IPHONEOS_DEPLOYMENT_TARGET = 8.3;
				MTL_ENABLE_DEBUG_INFO = YES;
				ONLY_ACTIVE_ARCH = YES;
				SDKROOT = iphoneos;
				SWIFT_OPTIMIZATION_LEVEL = "-Onone";
			};
			name = Debug;
		};
		32C280B41B37BD7E00186A96 /* Release */ = {
			isa = XCBuildConfiguration;
			buildSettings = {
				ALWAYS_SEARCH_USER_PATHS = NO;
				CLANG_CXX_LANGUAGE_STANDARD = "gnu++0x";
				CLANG_CXX_LIBRARY = "libc++";
				CLANG_ENABLE_MODULES = YES;
				CLANG_ENABLE_OBJC_ARC = YES;
				CLANG_WARN_BOOL_CONVERSION = YES;
				CLANG_WARN_CONSTANT_CONVERSION = YES;
				CLANG_WARN_DIRECT_OBJC_ISA_USAGE = YES_ERROR;
				CLANG_WARN_EMPTY_BODY = YES;
				CLANG_WARN_ENUM_CONVERSION = YES;
				CLANG_WARN_INT_CONVERSION = YES;
				CLANG_WARN_OBJC_ROOT_CLASS = YES_ERROR;
				CLANG_WARN_UNREACHABLE_CODE = YES;
				CLANG_WARN__DUPLICATE_METHOD_MATCH = YES;
				"CODE_SIGN_IDENTITY[sdk=iphoneos*]" = "iPhone Developer";
				COPY_PHASE_STRIP = NO;
				DEBUG_INFORMATION_FORMAT = "dwarf-with-dsym";
				ENABLE_NS_ASSERTIONS = NO;
				ENABLE_STRICT_OBJC_MSGSEND = YES;
				GCC_C_LANGUAGE_STANDARD = gnu99;
				GCC_NO_COMMON_BLOCKS = YES;
				GCC_WARN_64_TO_32_BIT_CONVERSION = YES;
				GCC_WARN_ABOUT_RETURN_TYPE = YES_ERROR;
				GCC_WARN_UNDECLARED_SELECTOR = YES;
				GCC_WARN_UNINITIALIZED_AUTOS = YES_AGGRESSIVE;
				GCC_WARN_UNUSED_FUNCTION = YES;
				GCC_WARN_UNUSED_VARIABLE = YES;
				IPHONEOS_DEPLOYMENT_TARGET = 8.3;
				MTL_ENABLE_DEBUG_INFO = NO;
				SDKROOT = iphoneos;
				VALIDATE_PRODUCT = YES;
			};
			name = Release;
		};
		32C280B61B37BD7E00186A96 /* Debug */ = {
			isa = XCBuildConfiguration;
			buildSettings = {
				ASSETCATALOG_COMPILER_APPICON_NAME = AppIcon;
				INFOPLIST_FILE = AlarmClock/Info.plist;
				LD_RUNPATH_SEARCH_PATHS = "$(inherited) @executable_path/Frameworks";
				PRODUCT_NAME = "$(TARGET_NAME)";
			};
			name = Debug;
		};
		32C280B71B37BD7E00186A96 /* Release */ = {
			isa = XCBuildConfiguration;
			buildSettings = {
				ASSETCATALOG_COMPILER_APPICON_NAME = AppIcon;
				INFOPLIST_FILE = AlarmClock/Info.plist;
				LD_RUNPATH_SEARCH_PATHS = "$(inherited) @executable_path/Frameworks";
				PRODUCT_NAME = "$(TARGET_NAME)";
			};
			name = Release;
		};
		32C280B91B37BD7E00186A96 /* Debug */ = {
			isa = XCBuildConfiguration;
			buildSettings = {
				BUNDLE_LOADER = "$(TEST_HOST)";
				FRAMEWORK_SEARCH_PATHS = (
					"$(SDKROOT)/Developer/Library/Frameworks",
					"$(inherited)",
				);
				GCC_PREPROCESSOR_DEFINITIONS = (
					"DEBUG=1",
					"$(inherited)",
				);
				INFOPLIST_FILE = AlarmClockTests/Info.plist;
				LD_RUNPATH_SEARCH_PATHS = "$(inherited) @executable_path/Frameworks @loader_path/Frameworks";
				PRODUCT_NAME = "$(TARGET_NAME)";
				TEST_HOST = "$(BUILT_PRODUCTS_DIR)/AlarmClock.app/AlarmClock";
			};
			name = Debug;
		};
		32C280BA1B37BD7E00186A96 /* Release */ = {
			isa = XCBuildConfiguration;
			buildSettings = {
				BUNDLE_LOADER = "$(TEST_HOST)";
				FRAMEWORK_SEARCH_PATHS = (
					"$(SDKROOT)/Developer/Library/Frameworks",
					"$(inherited)",
				);
				INFOPLIST_FILE = AlarmClockTests/Info.plist;
				LD_RUNPATH_SEARCH_PATHS = "$(inherited) @executable_path/Frameworks @loader_path/Frameworks";
				PRODUCT_NAME = "$(TARGET_NAME)";
				TEST_HOST = "$(BUILT_PRODUCTS_DIR)/AlarmClock.app/AlarmClock";
			};
			name = Release;
		};
/* End XCBuildConfiguration section */

/* Begin XCConfigurationList section */
		32C280911B37BD7E00186A96 /* Build configuration list for PBXProject "AlarmClock" */ = {
			isa = XCConfigurationList;
			buildConfigurations = (
				32C280B31B37BD7E00186A96 /* Debug */,
				32C280B41B37BD7E00186A96 /* Release */,
			);
			defaultConfigurationIsVisible = 0;
			defaultConfigurationName = Release;
		};
		32C280B51B37BD7E00186A96 /* Build configuration list for PBXNativeTarget "AlarmClock" */ = {
			isa = XCConfigurationList;
			buildConfigurations = (
				32C280B61B37BD7E00186A96 /* Debug */,
				32C280B71B37BD7E00186A96 /* Release */,
			);
			defaultConfigurationIsVisible = 0;
			defaultConfigurationName = Release;
		};
		32C280B81B37BD7E00186A96 /* Build configuration list for PBXNativeTarget "AlarmClockTests" */ = {
			isa = XCConfigurationList;
			buildConfigurations = (
				32C280B91B37BD7E00186A96 /* Debug */,
				32C280BA1B37BD7E00186A96 /* Release */,
			);
			defaultConfigurationIsVisible = 0;
			defaultConfigurationName = Release;
		};
/* End XCConfigurationList section */
	};
	rootObject = 32C2808E1B37BD7E00186A96 /* Project object */;
}
